# This file is automatically @generated by Poetry and should not be changed by hand.

[[package]]
name = "amqtt"
version = "0.10.1"
description = "MQTT client/broker using Python asyncio"
category = "dev"
optional = false
python-versions = ">=3.7,<4.0"
files = [
    {file = "amqtt-0.10.1-py3-none-any.whl", hash = "sha256:42d20a4315c5796b6bfb89c06a4bcd8c4a6ab4d06f25865c82437e6acf3a5c07"},
    {file = "amqtt-0.10.1.tar.gz", hash = "sha256:45b38acc960068713aa0b5162e67b057c22cfddc2bbe7648d2169e60080fd10b"},
]

[package.dependencies]
docopt = ">=0.6.0,<0.7.0"
passlib = ">=1.7.0,<2.0.0"
PyYAML = ">=5.4.0,<6.0.0"
transitions = ">=0.8.0,<0.9.0"
websockets = ">=9.0"

[package.extras]
ci = ["coveralls (>=3.0.1,<4.0.0)"]

[[package]]
name = "attrs"
version = "20.3.0"
description = "Classes Without Boilerplate"
category = "dev"
optional = false
python-versions = ">=2.7, !=3.0.*, !=3.1.*, !=3.2.*, !=3.3.*"
files = [
    {file = "attrs-20.3.0-py2.py3-none-any.whl", hash = "sha256:31b2eced602aa8423c2aea9c76a724617ed67cf9513173fd3a4f03e3a929c7e6"},
    {file = "attrs-20.3.0.tar.gz", hash = "sha256:832aa3cde19744e49938b91fea06d69ecb9e649c93ba974535d08ad92164f700"},
]

[package.extras]
dev = ["coverage[toml] (>=5.0.2)", "furo", "hypothesis", "pre-commit", "pympler", "pytest (>=4.3.0)", "six", "sphinx", "zope.interface"]
docs = ["furo", "sphinx", "zope.interface"]
tests = ["coverage[toml] (>=5.0.2)", "hypothesis", "pympler", "pytest (>=4.3.0)", "six", "zope.interface"]
tests-no-zope = ["coverage[toml] (>=5.0.2)", "hypothesis", "pympler", "pytest (>=4.3.0)", "six"]

[[package]]
name = "black"
version = "22.12.0"
description = "The uncompromising code formatter."
category = "dev"
optional = false
python-versions = ">=3.7"
files = [
    {file = "black-22.12.0-cp310-cp310-manylinux_2_17_x86_64.manylinux2014_x86_64.whl", hash = "sha256:9eedd20838bd5d75b80c9f5487dbcb06836a43833a37846cf1d8c1cc01cef59d"},
    {file = "black-22.12.0-cp310-cp310-win_amd64.whl", hash = "sha256:159a46a4947f73387b4d83e87ea006dbb2337eab6c879620a3ba52699b1f4351"},
    {file = "black-22.12.0-cp311-cp311-manylinux_2_17_x86_64.manylinux2014_x86_64.whl", hash = "sha256:d30b212bffeb1e252b31dd269dfae69dd17e06d92b87ad26e23890f3efea366f"},
    {file = "black-22.12.0-cp311-cp311-win_amd64.whl", hash = "sha256:7412e75863aa5c5411886804678b7d083c7c28421210180d67dfd8cf1221e1f4"},
    {file = "black-22.12.0-cp37-cp37m-manylinux_2_17_x86_64.manylinux2014_x86_64.whl", hash = "sha256:c116eed0efb9ff870ded8b62fe9f28dd61ef6e9ddd28d83d7d264a38417dcee2"},
    {file = "black-22.12.0-cp37-cp37m-win_amd64.whl", hash = "sha256:1f58cbe16dfe8c12b7434e50ff889fa479072096d79f0a7f25e4ab8e94cd8350"},
    {file = "black-22.12.0-cp38-cp38-manylinux_2_17_x86_64.manylinux2014_x86_64.whl", hash = "sha256:77d86c9f3db9b1bf6761244bc0b3572a546f5fe37917a044e02f3166d5aafa7d"},
    {file = "black-22.12.0-cp38-cp38-win_amd64.whl", hash = "sha256:82d9fe8fee3401e02e79767016b4907820a7dc28d70d137eb397b92ef3cc5bfc"},
    {file = "black-22.12.0-cp39-cp39-manylinux_2_17_x86_64.manylinux2014_x86_64.whl", hash = "sha256:101c69b23df9b44247bd88e1d7e90154336ac4992502d4197bdac35dd7ee3320"},
    {file = "black-22.12.0-cp39-cp39-win_amd64.whl", hash = "sha256:559c7a1ba9a006226f09e4916060982fd27334ae1998e7a38b3f33a37f7a2148"},
    {file = "black-22.12.0-py3-none-any.whl", hash = "sha256:436cc9167dd28040ad90d3b404aec22cedf24a6e4d7de221bec2730ec0c97bcf"},
    {file = "black-22.12.0.tar.gz", hash = "sha256:229351e5a18ca30f447bf724d007f890f97e13af070bb6ad4c0a441cd7596a2f"},
]

[package.dependencies]
click = ">=8.0.0"
mypy-extensions = ">=0.4.3"
pathspec = ">=0.9.0"
platformdirs = ">=2"
tomli = {version = ">=1.1.0", markers = "python_full_version < \"3.11.0a7\""}
typed-ast = {version = ">=1.4.2", markers = "python_version < \"3.8\" and implementation_name == \"cpython\""}
typing-extensions = {version = ">=3.10.0.0", markers = "python_version < \"3.10\""}

[package.extras]
colorama = ["colorama (>=0.4.3)"]
d = ["aiohttp (>=3.7.4)"]
jupyter = ["ipython (>=7.8.0)", "tokenize-rt (>=3.2.0)"]
uvloop = ["uvloop (>=0.15.2)"]

[[package]]
name = "click"
version = "8.0.3"
description = "Composable command line interface toolkit"
category = "dev"
optional = false
python-versions = ">=3.6"
files = [
    {file = "click-8.0.3-py3-none-any.whl", hash = "sha256:353f466495adaeb40b6b5f592f9f91cb22372351c84caeb068132442a4518ef3"},
    {file = "click-8.0.3.tar.gz", hash = "sha256:410e932b050f5eed773c4cda94de75971c89cdb3155a72a0831139a79e5ecb5b"},
]

[package.dependencies]
colorama = {version = "*", markers = "platform_system == \"Windows\""}
importlib-metadata = {version = "*", markers = "python_version < \"3.8\""}

[[package]]
name = "colorama"
version = "0.4.4"
description = "Cross-platform colored terminal text."
category = "dev"
optional = false
python-versions = ">=2.7, !=3.0.*, !=3.1.*, !=3.2.*, !=3.3.*, !=3.4.*"
files = [
    {file = "colorama-0.4.4-py2.py3-none-any.whl", hash = "sha256:9f47eda37229f68eee03b24b9748937c7dc3868f906e8ba69fbcbdd3bc5dc3e2"},
    {file = "colorama-0.4.4.tar.gz", hash = "sha256:5941b2b48a20143d2267e95b1c2a7603ce057ee39fd88e7329b0c292aa16869b"},
]

[[package]]
name = "docopt"
version = "0.6.2"
description = "Pythonic argument parser, that will make you smile"
category = "dev"
optional = false
python-versions = "*"
files = [
    {file = "docopt-0.6.2.tar.gz", hash = "sha256:49b3a825280bd66b3aa83585ef59c4a8c82f2c8a522dbe754a8bc8d08c85c491"},
]

[[package]]
name = "exceptiongroup"
version = "1.0.2"
description = "Backport of PEP 654 (exception groups)"
category = "dev"
optional = false
python-versions = ">=3.7"
files = [
    {file = "exceptiongroup-1.0.2-py3-none-any.whl", hash = "sha256:c22f11ec6a10d2b453871c5c5fe887436c4d1961324ce9090f2ca6ddc4180c27"},
    {file = "exceptiongroup-1.0.2.tar.gz", hash = "sha256:a31cd183c3dea02e617aab5153588d5f7258a77b51f0ef41b3815ae8a0d0f695"},
]

[package.extras]
test = ["pytest (>=6)"]

[[package]]
name = "flake8"
version = "5.0.4"
description = "the modular source code checker: pep8 pyflakes and co"
category = "dev"
optional = false
python-versions = ">=3.6.1"
files = [
    {file = "flake8-5.0.4-py2.py3-none-any.whl", hash = "sha256:7a1cf6b73744f5806ab95e526f6f0d8c01c66d7bbe349562d22dfca20610b248"},
    {file = "flake8-5.0.4.tar.gz", hash = "sha256:6fbe320aad8d6b95cec8b8e47bc933004678dc63095be98528b7bdd2a9f510db"},
]

[package.dependencies]
importlib-metadata = {version = ">=1.1.0,<4.3", markers = "python_version < \"3.8\""}
mccabe = ">=0.7.0,<0.8.0"
pycodestyle = ">=2.9.0,<2.10.0"
pyflakes = ">=2.5.0,<2.6.0"

[[package]]
name = "importlib-metadata"
version = "3.7.3"
description = "Read metadata from Python packages"
category = "dev"
optional = false
python-versions = ">=3.6"
files = [
    {file = "importlib_metadata-3.7.3-py3-none-any.whl", hash = "sha256:b74159469b464a99cb8cc3e21973e4d96e05d3024d337313fedb618a6e86e6f4"},
    {file = "importlib_metadata-3.7.3.tar.gz", hash = "sha256:742add720a20d0467df2f444ae41704000f50e1234f46174b51f9c6031a1bd71"},
]

[package.dependencies]
typing-extensions = {version = ">=3.6.4", markers = "python_version < \"3.8\""}
zipp = ">=0.5"

[package.extras]
docs = ["jaraco.packaging (>=8.2)", "rst.linker (>=1.9)", "sphinx"]
testing = ["flufl.flake8", "importlib-resources (>=1.3)", "packaging", "pep517", "pyfakefs", "pytest (>=3.5,!=3.7.3)", "pytest-black (>=0.3.7)", "pytest-checkdocs (>=1.2.3)", "pytest-cov", "pytest-enabler", "pytest-flake8", "pytest-mypy"]

[[package]]
name = "iniconfig"
version = "1.1.1"
description = "iniconfig: brain-dead simple config-ini parsing"
category = "dev"
optional = false
python-versions = "*"
files = [
    {file = "iniconfig-1.1.1-py2.py3-none-any.whl", hash = "sha256:011e24c64b7f47f6ebd835bb12a743f2fbe9a26d4cecaa7f53bc4f35ee9da8b3"},
    {file = "iniconfig-1.1.1.tar.gz", hash = "sha256:bc3af051d7d14b2ee5ef9969666def0cd1a000e121eaea580d4a313df4b37f32"},
]

[[package]]
name = "isort"
version = "5.11.5"
description = "A Python utility / library to sort Python imports."
category = "dev"
optional = false
python-versions = ">=3.7.0"
files = [
    {file = "isort-5.11.5-py3-none-any.whl", hash = "sha256:ba1d72fb2595a01c7895a5128f9585a5cc4b6d395f1c8d514989b9a7eb2a8746"},
    {file = "isort-5.11.5.tar.gz", hash = "sha256:6be1f76a507cb2ecf16c7cf14a37e41609ca082330be4e3436a18ef74add55db"},
]

[package.extras]
colors = ["colorama (>=0.4.3,<0.5.0)"]
pipfile-deprecated-finder = ["pip-shims (>=0.5.2)", "pipreqs", "requirementslib"]
plugins = ["setuptools"]
requirements-deprecated-finder = ["pip-api", "pipreqs"]

[[package]]
name = "mccabe"
version = "0.7.0"
description = "McCabe checker, plugin for flake8"
category = "dev"
optional = false
python-versions = ">=3.6"
files = [
    {file = "mccabe-0.7.0-py2.py3-none-any.whl", hash = "sha256:6c2d30ab6be0e4a46919781807b4f0d834ebdd6c6e3dca0bda5a15f863427b6e"},
    {file = "mccabe-0.7.0.tar.gz", hash = "sha256:348e0240c33b60bbdf4e523192ef919f28cb2c3d7d5c7794f74009290f236325"},
]

[[package]]
name = "mypy-extensions"
version = "0.4.3"
description = "Experimental type system extensions for programs checked with the mypy typechecker."
category = "dev"
optional = false
python-versions = "*"
files = [
    {file = "mypy_extensions-0.4.3-py2.py3-none-any.whl", hash = "sha256:090fedd75945a69ae91ce1303b5824f428daf5a028d2f6ab8a299250a846f15d"},
    {file = "mypy_extensions-0.4.3.tar.gz", hash = "sha256:2d82818f5bb3e369420cb3c4060a7970edba416647068eb4c5343488a6c604a8"},
]

[[package]]
name = "packaging"
version = "20.9"
description = "Core utilities for Python packages"
category = "dev"
optional = false
python-versions = ">=2.7, !=3.0.*, !=3.1.*, !=3.2.*, !=3.3.*"
files = [
    {file = "packaging-20.9-py2.py3-none-any.whl", hash = "sha256:67714da7f7bc052e064859c05c595155bd1ee9f69f76557e21f051443c20947a"},
    {file = "packaging-20.9.tar.gz", hash = "sha256:5b327ac1320dc863dca72f4514ecc086f31186744b84a230374cc1fd776feae5"},
]

[package.dependencies]
pyparsing = ">=2.0.2"

[[package]]
name = "paho-mqtt"
version = "1.6.1"
description = "MQTT version 5.0/3.1.1 client class"
category = "main"
optional = false
python-versions = "*"
files = [
    {file = "paho-mqtt-1.6.1.tar.gz", hash = "sha256:2a8291c81623aec00372b5a85558a372c747cbca8e9934dfe218638b8eefc26f"},
]

[package.extras]
proxy = ["PySocks"]

[[package]]
name = "passlib"
version = "1.7.4"
description = "comprehensive password hashing framework supporting over 30 schemes"
category = "dev"
optional = false
python-versions = "*"
files = [
    {file = "passlib-1.7.4-py2.py3-none-any.whl", hash = "sha256:aa6bca462b8d8bda89c70b382f0c298a20b5560af6cbfa2dce410c0a2fb669f1"},
    {file = "passlib-1.7.4.tar.gz", hash = "sha256:defd50f72b65c5402ab2c573830a6978e5f202ad0d984793c8dde2c4152ebe04"},
]

[package.extras]
argon2 = ["argon2-cffi (>=18.2.0)"]
bcrypt = ["bcrypt (>=3.1.0)"]
build-docs = ["cloud-sptheme (>=1.10.1)", "sphinx (>=1.6)", "sphinxcontrib-fulltoc (>=1.2.0)"]
totp = ["cryptography"]

[[package]]
name = "pathspec"
version = "0.9.0"
description = "Utility library for gitignore style pattern matching of file paths."
category = "dev"
optional = false
python-versions = "!=3.0.*,!=3.1.*,!=3.2.*,!=3.3.*,!=3.4.*,>=2.7"
files = [
    {file = "pathspec-0.9.0-py2.py3-none-any.whl", hash = "sha256:7d15c4ddb0b5c802d161efc417ec1a2558ea2653c2e8ad9c19098201dc1c993a"},
    {file = "pathspec-0.9.0.tar.gz", hash = "sha256:e564499435a2673d586f6b2130bb5b95f04a3ba06f81b8f895b651a3c76aabb1"},
]

[[package]]
name = "platformdirs"
version = "2.2.0"
description = "A small Python module for determining appropriate platform-specific dirs, e.g. a \"user data dir\"."
category = "dev"
optional = false
python-versions = ">=3.6"
files = [
    {file = "platformdirs-2.2.0-py3-none-any.whl", hash = "sha256:4666d822218db6a262bdfdc9c39d21f23b4cfdb08af331a81e92751daf6c866c"},
    {file = "platformdirs-2.2.0.tar.gz", hash = "sha256:632daad3ab546bd8e6af0537d09805cec458dce201bccfe23012df73332e181e"},
]

[package.extras]
docs = ["Sphinx (>=4)", "furo (>=2021.7.5b38)", "proselint (>=0.10.2)", "sphinx-autodoc-typehints (>=1.12)"]
test = ["appdirs (==1.4.4)", "pytest (>=6)", "pytest-cov (>=2.7)", "pytest-mock (>=3.6)"]

[[package]]
name = "pluggy"
version = "0.13.1"
description = "plugin and hook calling mechanisms for python"
category = "dev"
optional = false
python-versions = ">=2.7, !=3.0.*, !=3.1.*, !=3.2.*, !=3.3.*"
files = [
    {file = "pluggy-0.13.1-py2.py3-none-any.whl", hash = "sha256:966c145cd83c96502c3c3868f50408687b38434af77734af1e9ca461a4081d2d"},
    {file = "pluggy-0.13.1.tar.gz", hash = "sha256:15b2acde666561e1298d71b523007ed7364de07029219b604cf808bfa1c765b0"},
]

[package.dependencies]
importlib-metadata = {version = ">=0.12", markers = "python_version < \"3.8\""}

[package.extras]
dev = ["pre-commit", "tox"]

[[package]]
name = "pycodestyle"
version = "2.9.0"
description = "Python style guide checker"
category = "dev"
optional = false
python-versions = ">=3.6"
files = [
    {file = "pycodestyle-2.9.0-py2.py3-none-any.whl", hash = "sha256:289cdc0969d589d90752582bef6dff57c5fbc6949ee8b013ad6d6449a8ae9437"},
    {file = "pycodestyle-2.9.0.tar.gz", hash = "sha256:beaba44501f89d785be791c9462553f06958a221d166c64e1f107320f839acc2"},
]

[[package]]
name = "pyflakes"
version = "2.5.0"
description = "passive checker of Python programs"
category = "dev"
optional = false
python-versions = ">=3.6"
files = [
    {file = "pyflakes-2.5.0-py2.py3-none-any.whl", hash = "sha256:4579f67d887f804e67edb544428f264b7b24f435b263c4614f384135cea553d2"},
    {file = "pyflakes-2.5.0.tar.gz", hash = "sha256:491feb020dca48ccc562a8c0cbe8df07ee13078df59813b83959cbdada312ea3"},
]

[[package]]
name = "pyparsing"
version = "2.4.7"
description = "Python parsing module"
category = "dev"
optional = false
python-versions = ">=2.6, !=3.0.*, !=3.1.*, !=3.2.*"
files = [
    {file = "pyparsing-2.4.7-py2.py3-none-any.whl", hash = "sha256:ef9d7589ef3c200abe66653d3f1ab1033c3c419ae9b9bdb1240a85b024efc88b"},
    {file = "pyparsing-2.4.7.tar.gz", hash = "sha256:c203ec8783bf771a155b207279b9bccb8dea02d8f0c9e5f8ead507bc3246ecc1"},
]

[[package]]
name = "pytest"
version = "7.2.0"
description = "pytest: simple powerful testing with Python"
category = "dev"
optional = false
python-versions = ">=3.7"
files = [
    {file = "pytest-7.2.0-py3-none-any.whl", hash = "sha256:892f933d339f068883b6fd5a459f03d85bfcb355e4981e146d2c7616c21fef71"},
    {file = "pytest-7.2.0.tar.gz", hash = "sha256:c4014eb40e10f11f355ad4e3c2fb2c6c6d1919c73f3b5a433de4708202cade59"},
]

[package.dependencies]
attrs = ">=19.2.0"
colorama = {version = "*", markers = "sys_platform == \"win32\""}
exceptiongroup = {version = ">=1.0.0rc8", markers = "python_version < \"3.11\""}
importlib-metadata = {version = ">=0.12", markers = "python_version < \"3.8\""}
iniconfig = "*"
packaging = "*"
pluggy = ">=0.12,<2.0"
tomli = {version = ">=1.0.0", markers = "python_version < \"3.11\""}

[package.extras]
testing = ["argcomplete", "hypothesis (>=3.56)", "mock", "nose", "pygments (>=2.7.2)", "requests", "xmlschema"]

[[package]]
name = "pytest-asyncio"
version = "0.20.3"
description = "Pytest support for asyncio"
category = "dev"
optional = false
python-versions = ">=3.7"
files = [
    {file = "pytest-asyncio-0.20.3.tar.gz", hash = "sha256:83cbf01169ce3e8eb71c6c278ccb0574d1a7a3bb8eaaf5e50e0ad342afb33b36"},
    {file = "pytest_asyncio-0.20.3-py3-none-any.whl", hash = "sha256:f129998b209d04fcc65c96fc85c11e5316738358909a8399e93be553d7656442"},
]

[package.dependencies]
pytest = ">=6.1.0"
typing-extensions = {version = ">=3.7.2", markers = "python_version < \"3.8\""}

[package.extras]
docs = ["sphinx (>=5.3)", "sphinx-rtd-theme (>=1.0)"]
testing = ["coverage (>=6.2)", "flaky (>=3.5.0)", "hypothesis (>=5.7.1)", "mypy (>=0.931)", "pytest-trio (>=0.7.0)"]

[[package]]
name = "pyyaml"
version = "5.4.1"
description = "YAML parser and emitter for Python"
category = "dev"
optional = false
python-versions = ">=2.7, !=3.0.*, !=3.1.*, !=3.2.*, !=3.3.*, !=3.4.*, !=3.5.*"
files = [
    {file = "PyYAML-5.4.1-cp27-cp27m-macosx_10_9_x86_64.whl", hash = "sha256:3b2b1824fe7112845700f815ff6a489360226a5609b96ec2190a45e62a9fc922"},
    {file = "PyYAML-5.4.1-cp27-cp27m-win32.whl", hash = "sha256:129def1b7c1bf22faffd67b8f3724645203b79d8f4cc81f674654d9902cb4393"},
    {file = "PyYAML-5.4.1-cp27-cp27m-win_amd64.whl", hash = "sha256:4465124ef1b18d9ace298060f4eccc64b0850899ac4ac53294547536533800c8"},
    {file = "PyYAML-5.4.1-cp27-cp27mu-manylinux1_x86_64.whl", hash = "sha256:bb4191dfc9306777bc594117aee052446b3fa88737cd13b7188d0e7aa8162185"},
    {file = "PyYAML-5.4.1-cp36-cp36m-macosx_10_9_x86_64.whl", hash = "sha256:6c78645d400265a062508ae399b60b8c167bf003db364ecb26dcab2bda048253"},
    {file = "PyYAML-5.4.1-cp36-cp36m-manylinux1_x86_64.whl", hash = "sha256:4e0583d24c881e14342eaf4ec5fbc97f934b999a6828693a99157fde912540cc"},
    {file = "PyYAML-5.4.1-cp36-cp36m-manylinux2014_aarch64.whl", hash = "sha256:72a01f726a9c7851ca9bfad6fd09ca4e090a023c00945ea05ba1638c09dc3347"},
    {file = "PyYAML-5.4.1-cp36-cp36m-manylinux2014_s390x.whl", hash = "sha256:895f61ef02e8fed38159bb70f7e100e00f471eae2bc838cd0f4ebb21e28f8541"},
    {file = "PyYAML-5.4.1-cp36-cp36m-win32.whl", hash = "sha256:3bd0e463264cf257d1ffd2e40223b197271046d09dadf73a0fe82b9c1fc385a5"},
    {file = "PyYAML-5.4.1-cp36-cp36m-win_amd64.whl", hash = "sha256:e4fac90784481d221a8e4b1162afa7c47ed953be40d31ab4629ae917510051df"},
    {file = "PyYAML-5.4.1-cp37-cp37m-macosx_10_9_x86_64.whl", hash = "sha256:5accb17103e43963b80e6f837831f38d314a0495500067cb25afab2e8d7a4018"},
    {file = "PyYAML-5.4.1-cp37-cp37m-manylinux1_x86_64.whl", hash = "sha256:e1d4970ea66be07ae37a3c2e48b5ec63f7ba6804bdddfdbd3cfd954d25a82e63"},
    {file = "PyYAML-5.4.1-cp37-cp37m-manylinux2014_aarch64.whl", hash = "sha256:cb333c16912324fd5f769fff6bc5de372e9e7a202247b48870bc251ed40239aa"},
    {file = "PyYAML-5.4.1-cp37-cp37m-manylinux2014_s390x.whl", hash = "sha256:fe69978f3f768926cfa37b867e3843918e012cf83f680806599ddce33c2c68b0"},
    {file = "PyYAML-5.4.1-cp37-cp37m-win32.whl", hash = "sha256:dd5de0646207f053eb0d6c74ae45ba98c3395a571a2891858e87df7c9b9bd51b"},
    {file = "PyYAML-5.4.1-cp37-cp37m-win_amd64.whl", hash = "sha256:08682f6b72c722394747bddaf0aa62277e02557c0fd1c42cb853016a38f8dedf"},
    {file = "PyYAML-5.4.1-cp38-cp38-macosx_10_9_x86_64.whl", hash = "sha256:d2d9808ea7b4af864f35ea216be506ecec180628aced0704e34aca0b040ffe46"},
    {file = "PyYAML-5.4.1-cp38-cp38-manylinux1_x86_64.whl", hash = "sha256:8c1be557ee92a20f184922c7b6424e8ab6691788e6d86137c5d93c1a6ec1b8fb"},
    {file = "PyYAML-5.4.1-cp38-cp38-manylinux2014_aarch64.whl", hash = "sha256:fd7f6999a8070df521b6384004ef42833b9bd62cfee11a09bda1079b4b704247"},
    {file = "PyYAML-5.4.1-cp38-cp38-manylinux2014_s390x.whl", hash = "sha256:bfb51918d4ff3d77c1c856a9699f8492c612cde32fd3bcd344af9be34999bfdc"},
    {file = "PyYAML-5.4.1-cp38-cp38-win32.whl", hash = "sha256:fa5ae20527d8e831e8230cbffd9f8fe952815b2b7dae6ffec25318803a7528fc"},
    {file = "PyYAML-5.4.1-cp38-cp38-win_amd64.whl", hash = "sha256:0f5f5786c0e09baddcd8b4b45f20a7b5d61a7e7e99846e3c799b05c7c53fa696"},
    {file = "PyYAML-5.4.1-cp39-cp39-macosx_10_9_x86_64.whl", hash = "sha256:294db365efa064d00b8d1ef65d8ea2c3426ac366c0c4368d930bf1c5fb497f77"},
    {file = "PyYAML-5.4.1-cp39-cp39-manylinux1_x86_64.whl", hash = "sha256:74c1485f7707cf707a7aef42ef6322b8f97921bd89be2ab6317fd782c2d53183"},
    {file = "PyYAML-5.4.1-cp39-cp39-manylinux2014_aarch64.whl", hash = "sha256:d483ad4e639292c90170eb6f7783ad19490e7a8defb3e46f97dfe4bacae89122"},
    {file = "PyYAML-5.4.1-cp39-cp39-manylinux2014_s390x.whl", hash = "sha256:fdc842473cd33f45ff6bce46aea678a54e3d21f1b61a7750ce3c498eedfe25d6"},
    {file = "PyYAML-5.4.1-cp39-cp39-win32.whl", hash = "sha256:49d4cdd9065b9b6e206d0595fee27a96b5dd22618e7520c33204a4a3239d5b10"},
    {file = "PyYAML-5.4.1-cp39-cp39-win_amd64.whl", hash = "sha256:c20cfa2d49991c8b4147af39859b167664f2ad4561704ee74c1de03318e898db"},
    {file = "PyYAML-5.4.1.tar.gz", hash = "sha256:607774cbba28732bfa802b54baa7484215f530991055bb562efbed5b2f20a45e"},
]

[[package]]
name = "six"
version = "1.15.0"
description = "Python 2 and 3 compatibility utilities"
category = "dev"
optional = false
python-versions = ">=2.7, !=3.0.*, !=3.1.*, !=3.2.*"
files = [
    {file = "six-1.15.0-py2.py3-none-any.whl", hash = "sha256:8b74bedcbbbaca38ff6d7491d76f2b06b3592611af620f8426e82dddb04a5ced"},
    {file = "six-1.15.0.tar.gz", hash = "sha256:30639c035cdb23534cd4aa2dd52c3bf48f06e5f4a941509c8bafd8ce11080259"},
]

[[package]]
name = "tomli"
version = "2.0.0"
description = "A lil' TOML parser"
category = "dev"
optional = false
python-versions = ">=3.7"
files = [
    {file = "tomli-2.0.0-py3-none-any.whl", hash = "sha256:b5bde28da1fed24b9bd1d4d2b8cba62300bfb4ec9a6187a957e8ddb9434c5224"},
    {file = "tomli-2.0.0.tar.gz", hash = "sha256:c292c34f58502a1eb2bbb9f5bbc9a5ebc37bee10ffb8c2d6bbdfa8eb13cc14e1"},
]

[[package]]
name = "transitions"
version = "0.8.7"
description = "A lightweight, object-oriented Python state machine implementation with many extensions."
category = "dev"
optional = false
python-versions = "*"
files = [
    {file = "transitions-0.8.7-py2.py3-none-any.whl", hash = "sha256:626229df01ea91dc0b28491bf5af7cc0aba6c2aa7289658e55ea77288258fa49"},
    {file = "transitions-0.8.7.tar.gz", hash = "sha256:8c60ec0828cd037820726283cad5d4d77a5e31514e058b51250420e9873e9bc7"},
]

[package.dependencies]
six = "*"

[package.extras]
diagrams = ["pygraphviz"]
test = ["pytest"]

[[package]]
name = "typed-ast"
version = "1.4.2"
description = "a fork of Python 2 and 3 ast modules with type comment support"
category = "dev"
optional = false
python-versions = "*"
files = [
    {file = "typed_ast-1.4.2-cp35-cp35m-manylinux1_i686.whl", hash = "sha256:7703620125e4fb79b64aa52427ec192822e9f45d37d4b6625ab37ef403e1df70"},
    {file = "typed_ast-1.4.2-cp35-cp35m-manylinux1_x86_64.whl", hash = "sha256:c9aadc4924d4b5799112837b226160428524a9a45f830e0d0f184b19e4090487"},
    {file = "typed_ast-1.4.2-cp35-cp35m-manylinux2014_aarch64.whl", hash = "sha256:9ec45db0c766f196ae629e509f059ff05fc3148f9ffd28f3cfe75d4afb485412"},
    {file = "typed_ast-1.4.2-cp35-cp35m-win32.whl", hash = "sha256:85f95aa97a35bdb2f2f7d10ec5bbdac0aeb9dafdaf88e17492da0504de2e6400"},
    {file = "typed_ast-1.4.2-cp35-cp35m-win_amd64.whl", hash = "sha256:9044ef2df88d7f33692ae3f18d3be63dec69c4fb1b5a4a9ac950f9b4ba571606"},
    {file = "typed_ast-1.4.2-cp36-cp36m-macosx_10_9_x86_64.whl", hash = "sha256:c1c876fd795b36126f773db9cbb393f19808edd2637e00fd6caba0e25f2c7b64"},
    {file = "typed_ast-1.4.2-cp36-cp36m-manylinux1_i686.whl", hash = "sha256:5dcfc2e264bd8a1db8b11a892bd1647154ce03eeba94b461effe68790d8b8e07"},
    {file = "typed_ast-1.4.2-cp36-cp36m-manylinux1_x86_64.whl", hash = "sha256:8db0e856712f79c45956da0c9a40ca4246abc3485ae0d7ecc86a20f5e4c09abc"},
    {file = "typed_ast-1.4.2-cp36-cp36m-manylinux2014_aarch64.whl", hash = "sha256:d003156bb6a59cda9050e983441b7fa2487f7800d76bdc065566b7d728b4581a"},
    {file = "typed_ast-1.4.2-cp36-cp36m-win32.whl", hash = "sha256:4c790331247081ea7c632a76d5b2a265e6d325ecd3179d06e9cf8d46d90dd151"},
    {file = "typed_ast-1.4.2-cp36-cp36m-win_amd64.whl", hash = "sha256:d175297e9533d8d37437abc14e8a83cbc68af93cc9c1c59c2c292ec59a0697a3"},
    {file = "typed_ast-1.4.2-cp37-cp37m-macosx_10_9_x86_64.whl", hash = "sha256:cf54cfa843f297991b7388c281cb3855d911137223c6b6d2dd82a47ae5125a41"},
    {file = "typed_ast-1.4.2-cp37-cp37m-manylinux1_i686.whl", hash = "sha256:b4fcdcfa302538f70929eb7b392f536a237cbe2ed9cba88e3bf5027b39f5f77f"},
    {file = "typed_ast-1.4.2-cp37-cp37m-manylinux1_x86_64.whl", hash = "sha256:987f15737aba2ab5f3928c617ccf1ce412e2e321c77ab16ca5a293e7bbffd581"},
    {file = "typed_ast-1.4.2-cp37-cp37m-manylinux2014_aarch64.whl", hash = "sha256:37f48d46d733d57cc70fd5f30572d11ab8ed92da6e6b28e024e4a3edfb456e37"},
    {file = "typed_ast-1.4.2-cp37-cp37m-win32.whl", hash = "sha256:36d829b31ab67d6fcb30e185ec996e1f72b892255a745d3a82138c97d21ed1cd"},
    {file = "typed_ast-1.4.2-cp37-cp37m-win_amd64.whl", hash = "sha256:8368f83e93c7156ccd40e49a783a6a6850ca25b556c0fa0240ed0f659d2fe496"},
    {file = "typed_ast-1.4.2-cp38-cp38-macosx_10_9_x86_64.whl", hash = "sha256:963c80b583b0661918718b095e02303d8078950b26cc00b5e5ea9ababe0de1fc"},
    {file = "typed_ast-1.4.2-cp38-cp38-manylinux1_i686.whl", hash = "sha256:e683e409e5c45d5c9082dc1daf13f6374300806240719f95dc783d1fc942af10"},
    {file = "typed_ast-1.4.2-cp38-cp38-manylinux1_x86_64.whl", hash = "sha256:84aa6223d71012c68d577c83f4e7db50d11d6b1399a9c779046d75e24bed74ea"},
    {file = "typed_ast-1.4.2-cp38-cp38-manylinux2014_aarch64.whl", hash = "sha256:a38878a223bdd37c9709d07cd357bb79f4c760b29210e14ad0fb395294583787"},
    {file = "typed_ast-1.4.2-cp38-cp38-win32.whl", hash = "sha256:a2c927c49f2029291fbabd673d51a2180038f8cd5a5b2f290f78c4516be48be2"},
    {file = "typed_ast-1.4.2-cp38-cp38-win_amd64.whl", hash = "sha256:c0c74e5579af4b977c8b932f40a5464764b2f86681327410aa028a22d2f54937"},
    {file = "typed_ast-1.4.2-cp39-cp39-macosx_10_9_x86_64.whl", hash = "sha256:07d49388d5bf7e863f7fa2f124b1b1d89d8aa0e2f7812faff0a5658c01c59aa1"},
    {file = "typed_ast-1.4.2-cp39-cp39-manylinux1_i686.whl", hash = "sha256:240296b27397e4e37874abb1df2a608a92df85cf3e2a04d0d4d61055c8305ba6"},
    {file = "typed_ast-1.4.2-cp39-cp39-manylinux1_x86_64.whl", hash = "sha256:d746a437cdbca200622385305aedd9aef68e8a645e385cc483bdc5e488f07166"},
    {file = "typed_ast-1.4.2-cp39-cp39-manylinux2014_aarch64.whl", hash = "sha256:14bf1522cdee369e8f5581238edac09150c765ec1cb33615855889cf33dcb92d"},
    {file = "typed_ast-1.4.2-cp39-cp39-win32.whl", hash = "sha256:cc7b98bf58167b7f2db91a4327da24fb93368838eb84a44c472283778fc2446b"},
    {file = "typed_ast-1.4.2-cp39-cp39-win_amd64.whl", hash = "sha256:7147e2a76c75f0f64c4319886e7639e490fee87c9d25cb1d4faef1d8cf83a440"},
    {file = "typed_ast-1.4.2.tar.gz", hash = "sha256:9fc0b3cb5d1720e7141d103cf4819aea239f7d136acf9ee4a69b047b7986175a"},
]

[[package]]
name = "typing-extensions"
version = "4.0.1"
description = "Backported and Experimental Type Hints for Python 3.6+"
category = "dev"
optional = false
python-versions = ">=3.6"
files = [
    {file = "typing_extensions-4.0.1-py3-none-any.whl", hash = "sha256:7f001e5ac290a0c0401508864c7ec868be4e701886d5b573a9528ed3973d9d3b"},
    {file = "typing_extensions-4.0.1.tar.gz", hash = "sha256:4ca091dea149f945ec56afb48dae714f21e8692ef22a395223bcd328961b6a0e"},
]

[[package]]
name = "websockets"
version = "9.1"
description = "An implementation of the WebSocket Protocol (RFC 6455 & 7692)"
category = "dev"
optional = false
python-versions = ">=3.6.1"
files = [
    {file = "websockets-9.1-cp36-cp36m-macosx_10_9_x86_64.whl", hash = "sha256:d144b350045c53c8ff09aa1cfa955012dd32f00c7e0862c199edcabb1a8b32da"},
    {file = "websockets-9.1-cp36-cp36m-manylinux1_i686.whl", hash = "sha256:b4ad84b156cf50529b8ac5cc1638c2cf8680490e3fccb6121316c8c02620a2e4"},
    {file = "websockets-9.1-cp36-cp36m-manylinux1_x86_64.whl", hash = "sha256:2cf04601633a4ec176b9cc3d3e73789c037641001dbfaf7c411f89cd3e04fcaf"},
    {file = "websockets-9.1-cp36-cp36m-manylinux2010_i686.whl", hash = "sha256:5c8f0d82ea2468282e08b0cf5307f3ad022290ed50c45d5cb7767957ca782880"},
    {file = "websockets-9.1-cp36-cp36m-manylinux2010_x86_64.whl", hash = "sha256:caa68c95bc1776d3521f81eeb4d5b9438be92514ec2a79fececda814099c8314"},
    {file = "websockets-9.1-cp36-cp36m-manylinux2014_aarch64.whl", hash = "sha256:d2c2d9b24d3c65b5a02cac12cbb4e4194e590314519ed49db2f67ef561c3cf58"},
    {file = "websockets-9.1-cp36-cp36m-win32.whl", hash = "sha256:f31722f1c033c198aa4a39a01905951c00bd1c74f922e8afc1b1c62adbcdd56a"},
    {file = "websockets-9.1-cp36-cp36m-win_amd64.whl", hash = "sha256:3ddff38894c7857c476feb3538dd847514379d6dc844961dc99f04b0384b1b1b"},
    {file = "websockets-9.1-cp37-cp37m-macosx_10_9_x86_64.whl", hash = "sha256:51d04df04ed9d08077d10ccbe21e6805791b78eac49d16d30a1f1fe2e44ba0af"},
    {file = "websockets-9.1-cp37-cp37m-manylinux1_i686.whl", hash = "sha256:f68c352a68e5fdf1e97288d5cec9296664c590c25932a8476224124aaf90dbcd"},
    {file = "websockets-9.1-cp37-cp37m-manylinux1_x86_64.whl", hash = "sha256:b43b13e5622c5a53ab12f3272e6f42f1ce37cd5b6684b2676cb365403295cd40"},
    {file = "websockets-9.1-cp37-cp37m-manylinux2010_i686.whl", hash = "sha256:9147868bb0cc01e6846606cd65cbf9c58598f187b96d14dd1ca17338b08793bb"},
    {file = "websockets-9.1-cp37-cp37m-manylinux2010_x86_64.whl", hash = "sha256:836d14eb53b500fd92bd5db2fc5894f7c72b634f9c2a28f546f75967503d8e25"},
    {file = "websockets-9.1-cp37-cp37m-manylinux2014_aarch64.whl", hash = "sha256:48c222feb3ced18f3dc61168ca18952a22fb88e5eb8902d2bf1b50faefdc34a2"},
    {file = "websockets-9.1-cp37-cp37m-win32.whl", hash = "sha256:900589e19200be76dd7cbaa95e9771605b5ce3f62512d039fb3bc5da9014912a"},
    {file = "websockets-9.1-cp37-cp37m-win_amd64.whl", hash = "sha256:ab5ee15d3462198c794c49ccd31773d8a2b8c17d622aa184f669d2b98c2f0857"},
    {file = "websockets-9.1-cp38-cp38-macosx_10_9_x86_64.whl", hash = "sha256:85e701a6c316b7067f1e8675c638036a796fe5116783a4c932e7eb8e305a3ffe"},
    {file = "websockets-9.1-cp38-cp38-manylinux1_i686.whl", hash = "sha256:b2e71c4670ebe1067fa8632f0d081e47254ee2d3d409de54168b43b0ba9147e0"},
    {file = "websockets-9.1-cp38-cp38-manylinux1_x86_64.whl", hash = "sha256:230a3506df6b5f446fed2398e58dcaafdff12d67fe1397dff196411a9e820d02"},
    {file = "websockets-9.1-cp38-cp38-manylinux2010_i686.whl", hash = "sha256:7df3596838b2a0c07c6f6d67752c53859a54993d4f062689fdf547cb56d0f84f"},
    {file = "websockets-9.1-cp38-cp38-manylinux2010_x86_64.whl", hash = "sha256:826ccf85d4514609219725ba4a7abd569228c2c9f1968e8be05be366f68291ec"},
    {file = "websockets-9.1-cp38-cp38-manylinux2014_aarch64.whl", hash = "sha256:0dd4eb8e0bbf365d6f652711ce21b8fd2b596f873d32aabb0fbb53ec604418cc"},
    {file = "websockets-9.1-cp38-cp38-win32.whl", hash = "sha256:1d0971cc7251aeff955aa742ec541ee8aaea4bb2ebf0245748fbec62f744a37e"},
    {file = "websockets-9.1-cp38-cp38-win_amd64.whl", hash = "sha256:7189e51955f9268b2bdd6cc537e0faa06f8fffda7fb386e5922c6391de51b077"},
    {file = "websockets-9.1-cp39-cp39-macosx_10_9_x86_64.whl", hash = "sha256:e9e5fd6dbdf95d99bc03732ded1fc8ef22ebbc05999ac7e0c7bf57fe6e4e5ae2"},
    {file = "websockets-9.1-cp39-cp39-manylinux1_i686.whl", hash = "sha256:9e7fdc775fe7403dbd8bc883ba59576a6232eac96dacb56512daacf7af5d618d"},
    {file = "websockets-9.1-cp39-cp39-manylinux1_x86_64.whl", hash = "sha256:597c28f3aa7a09e8c070a86b03107094ee5cdafcc0d55f2f2eac92faac8dc67d"},
    {file = "websockets-9.1-cp39-cp39-manylinux2010_i686.whl", hash = "sha256:ad893d889bc700a5835e0a95a3e4f2c39e91577ab232a3dc03c262a0f8fc4b5c"},
    {file = "websockets-9.1-cp39-cp39-manylinux2010_x86_64.whl", hash = "sha256:1d6b4fddb12ab9adf87b843cd4316c4bd602db8d5efd2fb83147f0458fe85135"},
    {file = "websockets-9.1-cp39-cp39-manylinux2014_aarch64.whl", hash = "sha256:ebf459a1c069f9866d8569439c06193c586e72c9330db1390af7c6a0a32c4afd"},
    {file = "websockets-9.1-cp39-cp39-win32.whl", hash = "sha256:be5fd35e99970518547edc906efab29afd392319f020c3c58b0e1a158e16ed20"},
    {file = "websockets-9.1-cp39-cp39-win_amd64.whl", hash = "sha256:85db8090ba94e22d964498a47fdd933b8875a1add6ebc514c7ac8703eb97bbf0"},
    {file = "websockets-9.1.tar.gz", hash = "sha256:276d2339ebf0df4f45df453923ebd2270b87900eda5dfd4a6b0cfa15f82111c3"},
]

[[package]]
name = "zipp"
version = "3.4.1"
description = "Backport of pathlib-compatible object wrapper for zip files"
category = "dev"
optional = false
python-versions = ">=3.6"
files = [
    {file = "zipp-3.4.1-py3-none-any.whl", hash = "sha256:51cb66cc54621609dd593d1787f286ee42a5c0adbb4b29abea5a63edc3e03098"},
    {file = "zipp-3.4.1.tar.gz", hash = "sha256:3607921face881ba3e026887d8150cca609d517579abe052ac81fc5aeffdbd76"},
]

[package.extras]
docs = ["jaraco.packaging (>=8.2)", "rst.linker (>=1.9)", "sphinx"]
testing = ["func-timeout", "jaraco.itertools", "pytest (>=4.6)", "pytest-black (>=0.3.7)", "pytest-checkdocs (>=1.2.3)", "pytest-cov", "pytest-enabler", "pytest-flake8", "pytest-mypy"]

[metadata]
lock-version = "2.0"
python-versions = ">=3.7,<4.0"
content-hash = "3d682834b7977f1e4fbe8972ec2c7ce3cdb115f3f62cfacbc1c562f7536dc5ab"
